{
  "originHash" : "7b5d18017d806e3e76b4b81b0bd4fc6f97018dd9e8663766724995c394dc98a4",
  "pins" : [
    {
      "identity" : "swiftyfinance",
      "kind" : "remoteSourceControl",
      "location" : "https://github.com/AlexRoar/SwiftYFinance",
      "state" : {
        "revision" : "08de10916d40302d03c5220a03e8c083a221e613",
        "version" : "2.1.0"
      }
    },
    {
      "identity" : "swiftyjson",
      "kind" : "remoteSourceControl",
      "location" : "https://github.com/SwiftyJSON/SwiftyJSON.git",
      "state" : {
        "revision" : "2b6054efa051565954e1d2b9da831680026cd768",
        "version" : "4.3.0"
      }
    }
  ],
  "version" : 3
}
